// !$*UTF8*$!
{
	archiveVersion = 1;
	classes = {
	};
	objectVersion = 56;
	objects = {

/* Begin PBXBuildFile section */
		6E63E3082AB9E54900622A54 /* MainViewController.swift in Sources */ = {isa = PBXBuildFile; fileRef = 6E63E3072AB9E54900622A54 /* MainViewController.swift */; };
		6E63E30B2AB9E68800622A54 /* pixel-anchor-jack.ttf in Resources */ = {isa = PBXBuildFile; fileRef = 6E63E30A2AB9E68800622A54 /* pixel-anchor-jack.ttf */; };
		6E63E30D2AB9EADD00622A54 /* Fonts.swift in Sources */ = {isa = PBXBuildFile; fileRef = 6E63E30C2AB9EADD00622A54 /* Fonts.swift */; };
		6E63E3102AB9F3D300622A54 /* Sources.swift in Sources */ = {isa = PBXBuildFile; fileRef = 6E63E30F2AB9F3D300622A54 /* Sources.swift */; };
		6E6870482AA726F400497707 /* AppDelegate.swift in Sources */ = {isa = PBXBuildFile; fileRef = 6E6870472AA726F400497707 /* AppDelegate.swift */; };
		6E68704C2AA726F400497707 /* GameViewController.swift in Sources */ = {isa = PBXBuildFile; fileRef = 6E68704B2AA726F400497707 /* GameViewController.swift */; };
		6E6870512AA726F800497707 /* Assets.xcassets in Resources */ = {isa = PBXBuildFile; fileRef = 6E6870502AA726F800497707 /* Assets.xcassets */; };
		6E6870542AA726F800497707 /* LaunchScreen.storyboard in Resources */ = {isa = PBXBuildFile; fileRef = 6E6870522AA726F800497707 /* LaunchScreen.storyboard */; };
		6EC35A192ABC27C600B534A5 /* UserDataModel.swift in Sources */ = {isa = PBXBuildFile; fileRef = 6EC35A182ABC27C600B534A5 /* UserDataModel.swift */; };
		6EC35A1C2ABC454800B534A5 /* CustomAlertController.swift in Sources */ = {isa = PBXBuildFile; fileRef = 6EC35A1B2ABC454800B534A5 /* CustomAlertController.swift */; };
		6EC35A202ABC5D3B00B534A5 /* OptionsViewController.swift in Sources */ = {isa = PBXBuildFile; fileRef = 6EC35A1F2ABC5D3B00B534A5 /* OptionsViewController.swift */; };
		6EE5406A2ABD924D00A6CF1B /* CustomNavigationBar.swift in Sources */ = {isa = PBXBuildFile; fileRef = 6EE540692ABD924C00A6CF1B /* CustomNavigationBar.swift */; };
		6EE5406D2AC0405D00A6CF1B /* RatingViewController.swift in Sources */ = {isa = PBXBuildFile; fileRef = 6EE5406C2AC0405D00A6CF1B /* RatingViewController.swift */; };
		6EE540702AC040DD00A6CF1B /* RatingTableViewCell.swift in Sources */ = {isa = PBXBuildFile; fileRef = 6EE5406F2AC040DD00A6CF1B /* RatingTableViewCell.swift */; };
/* End PBXBuildFile section */

/* Begin PBXFileReference section */
		6E63E3072AB9E54900622A54 /* MainViewController.swift */ = {isa = PBXFileReference; lastKnownFileType = sourcecode.swift; path = MainViewController.swift; sourceTree = "<group>"; };
		6E63E30A2AB9E68800622A54 /* pixel-anchor-jack.ttf */ = {isa = PBXFileReference; lastKnownFileType = file; path = "pixel-anchor-jack.ttf"; sourceTree = "<group>"; };
		6E63E30C2AB9EADD00622A54 /* Fonts.swift */ = {isa = PBXFileReference; lastKnownFileType = sourcecode.swift; path = Fonts.swift; sourceTree = "<group>"; };
		6E63E30F2AB9F3D300622A54 /* Sources.swift */ = {isa = PBXFileReference; lastKnownFileType = sourcecode.swift; path = Sources.swift; sourceTree = "<group>"; };
		6E6870442AA726F400497707 /* Aston2DGame.app */ = {isa = PBXFileReference; explicitFileType = wrapper.application; includeInIndex = 0; path = Aston2DGame.app; sourceTree = BUILT_PRODUCTS_DIR; };
		6E6870472AA726F400497707 /* AppDelegate.swift */ = {isa = PBXFileReference; lastKnownFileType = sourcecode.swift; path = AppDelegate.swift; sourceTree = "<group>"; };
		6E68704B2AA726F400497707 /* GameViewController.swift */ = {isa = PBXFileReference; lastKnownFileType = sourcecode.swift; path = GameViewController.swift; sourceTree = "<group>"; };
		6E6870502AA726F800497707 /* Assets.xcassets */ = {isa = PBXFileReference; lastKnownFileType = folder.assetcatalog; path = Assets.xcassets; sourceTree = "<group>"; };
		6E6870532AA726F800497707 /* Base */ = {isa = PBXFileReference; lastKnownFileType = file.storyboard; name = Base; path = Base.lproj/LaunchScreen.storyboard; sourceTree = "<group>"; };
		6E6870552AA726F800497707 /* Info.plist */ = {isa = PBXFileReference; lastKnownFileType = text.plist.xml; path = Info.plist; sourceTree = "<group>"; };
		6EC35A182ABC27C600B534A5 /* UserDataModel.swift */ = {isa = PBXFileReference; lastKnownFileType = sourcecode.swift; path = UserDataModel.swift; sourceTree = "<group>"; };
		6EC35A1B2ABC454800B534A5 /* CustomAlertController.swift */ = {isa = PBXFileReference; lastKnownFileType = sourcecode.swift; path = CustomAlertController.swift; sourceTree = "<group>"; };
		6EC35A1F2ABC5D3B00B534A5 /* OptionsViewController.swift */ = {isa = PBXFileReference; lastKnownFileType = sourcecode.swift; path = OptionsViewController.swift; sourceTree = "<group>"; };
		6EE540692ABD924C00A6CF1B /* CustomNavigationBar.swift */ = {isa = PBXFileReference; lastKnownFileType = sourcecode.swift; path = CustomNavigationBar.swift; sourceTree = "<group>"; };
		6EE5406C2AC0405D00A6CF1B /* RatingViewController.swift */ = {isa = PBXFileReference; lastKnownFileType = sourcecode.swift; path = RatingViewController.swift; sourceTree = "<group>"; };
		6EE5406F2AC040DD00A6CF1B /* RatingTableViewCell.swift */ = {isa = PBXFileReference; lastKnownFileType = sourcecode.swift; path = RatingTableViewCell.swift; sourceTree = "<group>"; };
/* End PBXFileReference section */

/* Begin PBXFrameworksBuildPhase section */
		6E6870412AA726F400497707 /* Frameworks */ = {
			isa = PBXFrameworksBuildPhase;
			buildActionMask = 2147483647;
			files = (
			);
			runOnlyForDeploymentPostprocessing = 0;
		};
/* End PBXFrameworksBuildPhase section */

/* Begin PBXGroup section */
		6E63E3092AB9E66E00622A54 /* Fonts */ = {
			isa = PBXGroup;
			children = (
				6E63E30A2AB9E68800622A54 /* pixel-anchor-jack.ttf */,
				6E63E30C2AB9EADD00622A54 /* Fonts.swift */,
			);
			path = Fonts;
			sourceTree = "<group>";
		};
		6E63E30E2AB9F3B900622A54 /* Sources */ = {
			isa = PBXGroup;
			children = (
				6E63E30F2AB9F3D300622A54 /* Sources.swift */,
			);
			path = Sources;
			sourceTree = "<group>";
		};
		6E68703B2AA726F400497707 = {
			isa = PBXGroup;
			children = (
				6E6870462AA726F400497707 /* Aston2DGame */,
				6E6870452AA726F400497707 /* Products */,
			);
			sourceTree = "<group>";
		};
		6E6870452AA726F400497707 /* Products */ = {
			isa = PBXGroup;
			children = (
				6E6870442AA726F400497707 /* Aston2DGame.app */,
			);
			name = Products;
			sourceTree = "<group>";
		};
		6E6870462AA726F400497707 /* Aston2DGame */ = {
			isa = PBXGroup;
			children = (
				6EE5406B2AC0403800A6CF1B /* RatingModule */,
				6EC35A1E2ABC5D1600B534A5 /* OptionsModule */,
				6EC35A1D2ABC5D0400B534A5 /* GameModule */,
				6EC35A1A2ABC452600B534A5 /* CustomViews */,
				6EC35A172ABC27A100B534A5 /* Model */,
				6E63E30E2AB9F3B900622A54 /* Sources */,
				6E63E3092AB9E66E00622A54 /* Fonts */,
				6E63E3072AB9E54900622A54 /* MainViewController.swift */,
				6E6870472AA726F400497707 /* AppDelegate.swift */,
				6E6870502AA726F800497707 /* Assets.xcassets */,
				6E6870522AA726F800497707 /* LaunchScreen.storyboard */,
				6E6870552AA726F800497707 /* Info.plist */,
			);
			path = Aston2DGame;
			sourceTree = "<group>";
		};
		6EC35A172ABC27A100B534A5 /* Model */ = {
			isa = PBXGroup;
			children = (
				6EC35A182ABC27C600B534A5 /* UserDataModel.swift */,
			);
			path = Model;
			sourceTree = "<group>";
		};
		6EC35A1A2ABC452600B534A5 /* CustomViews */ = {
			isa = PBXGroup;
			children = (
				6EC35A1B2ABC454800B534A5 /* CustomAlertController.swift */,
				6EE540692ABD924C00A6CF1B /* CustomNavigationBar.swift */,
			);
			path = CustomViews;
			sourceTree = "<group>";
		};
		6EC35A1D2ABC5D0400B534A5 /* GameModule */ = {
			isa = PBXGroup;
			children = (
				6E68704B2AA726F400497707 /* GameViewController.swift */,
			);
			path = GameModule;
			sourceTree = "<group>";
		};
		6EC35A1E2ABC5D1600B534A5 /* OptionsModule */ = {
			isa = PBXGroup;
			children = (
				6EC35A1F2ABC5D3B00B534A5 /* OptionsViewController.swift */,
			);
			path = OptionsModule;
			sourceTree = "<group>";
		};
		6EE5406B2AC0403800A6CF1B /* RatingModule */ = {
			isa = PBXGroup;
			children = (
				6EE5406E2AC040C000A6CF1B /* RatingCell */,
				6EE5406C2AC0405D00A6CF1B /* RatingViewController.swift */,
			);
			path = RatingModule;
			sourceTree = "<group>";
		};
		6EE5406E2AC040C000A6CF1B /* RatingCell */ = {
			isa = PBXGroup;
			children = (
				6EE5406F2AC040DD00A6CF1B /* RatingTableViewCell.swift */,
			);
			path = RatingCell;
			sourceTree = "<group>";
		};
/* End PBXGroup section */

/* Begin PBXNativeTarget section */
		6E6870432AA726F400497707 /* Aston2DGame */ = {
			isa = PBXNativeTarget;
			buildConfigurationList = 6E6870582AA726F800497707 /* Build configuration list for PBXNativeTarget "Aston2DGame" */;
			buildPhases = (
				6E6870402AA726F400497707 /* Sources */,
				6E6870412AA726F400497707 /* Frameworks */,
				6E6870422AA726F400497707 /* Resources */,
			);
			buildRules = (
			);
			dependencies = (
			);
			name = Aston2DGame;
			productName = Aston2DGame;
			productReference = 6E6870442AA726F400497707 /* Aston2DGame.app */;
			productType = "com.apple.product-type.application";
		};
/* End PBXNativeTarget section */

/* Begin PBXProject section */
		6E68703C2AA726F400497707 /* Project object */ = {
			isa = PBXProject;
			attributes = {
				BuildIndependentTargetsInParallel = 1;
				LastSwiftUpdateCheck = 1410;
				LastUpgradeCheck = 1410;
				TargetAttributes = {
					6E6870432AA726F400497707 = {
						CreatedOnToolsVersion = 14.1;
					};
				};
			};
			buildConfigurationList = 6E68703F2AA726F400497707 /* Build configuration list for PBXProject "Aston2DGame" */;
			compatibilityVersion = "Xcode 14.0";
			developmentRegion = en;
			hasScannedForEncodings = 0;
			knownRegions = (
				en,
				Base,
			);
			mainGroup = 6E68703B2AA726F400497707;
			productRefGroup = 6E6870452AA726F400497707 /* Products */;
			projectDirPath = "";
			projectRoot = "";
			targets = (
				6E6870432AA726F400497707 /* Aston2DGame */,
			);
		};
/* End PBXProject section */

/* Begin PBXResourcesBuildPhase section */
		6E6870422AA726F400497707 /* Resources */ = {
			isa = PBXResourcesBuildPhase;
			buildActionMask = 2147483647;
			files = (
				6E6870542AA726F800497707 /* LaunchScreen.storyboard in Resources */,
				6E63E30B2AB9E68800622A54 /* pixel-anchor-jack.ttf in Resources */,
				6E6870512AA726F800497707 /* Assets.xcassets in Resources */,
			);
			runOnlyForDeploymentPostprocessing = 0;
		};
/* End PBXResourcesBuildPhase section */

/* Begin PBXSourcesBuildPhase section */
		6E6870402AA726F400497707 /* Sources */ = {
			isa = PBXSourcesBuildPhase;
			buildActionMask = 2147483647;
			files = (
				6E63E30D2AB9EADD00622A54 /* Fonts.swift in Sources */,
				6EE5406D2AC0405D00A6CF1B /* RatingViewController.swift in Sources */,
				6EC35A202ABC5D3B00B534A5 /* OptionsViewController.swift in Sources */,
				6E63E3102AB9F3D300622A54 /* Sources.swift in Sources */,
				6EE5406A2ABD924D00A6CF1B /* CustomNavigationBar.swift in Sources */,
				6E68704C2AA726F400497707 /* GameViewController.swift in Sources */,
				6E6870482AA726F400497707 /* AppDelegate.swift in Sources */,
				6E63E3082AB9E54900622A54 /* MainViewController.swift in Sources */,
				6EC35A192ABC27C600B534A5 /* UserDataModel.swift in Sources */,
				6EE540702AC040DD00A6CF1B /* RatingTableViewCell.swift in Sources */,
				6EC35A1C2ABC454800B534A5 /* CustomAlertController.swift in Sources */,
			);
			runOnlyForDeploymentPostprocessing = 0;
		};
/* End PBXSourcesBuildPhase section */

/* Begin PBXVariantGroup section */
		6E6870522AA726F800497707 /* LaunchScreen.storyboard */ = {
			isa = PBXVariantGroup;
			children = (
				6E6870532AA726F800497707 /* Base */,
			);
			name = LaunchScreen.storyboard;
			sourceTree = "<group>";
		};
/* End PBXVariantGroup section */

/* Begin XCBuildConfiguration section */
		6E6870562AA726F800497707 /* Debug */ = {
			isa = XCBuildConfiguration;
			buildSettings = {
				ALWAYS_SEARCH_USER_PATHS = NO;
				CLANG_ANALYZER_NONNULL = YES;
				CLANG_ANALYZER_NUMBER_OBJECT_CONVERSION = YES_AGGRESSIVE;
				CLANG_CXX_LANGUAGE_STANDARD = "gnu++20";
				CLANG_ENABLE_MODULES = YES;
				CLANG_ENABLE_OBJC_ARC = YES;
				CLANG_ENABLE_OBJC_WEAK = YES;
				CLANG_WARN_BLOCK_CAPTURE_AUTORELEASING = YES;
				CLANG_WARN_BOOL_CONVERSION = YES;
				CLANG_WARN_COMMA = YES;
				CLANG_WARN_CONSTANT_CONVERSION = YES;
				CLANG_WARN_DEPRECATED_OBJC_IMPLEMENTATIONS = YES;
				CLANG_WARN_DIRECT_OBJC_ISA_USAGE = YES_ERROR;
				CLANG_WARN_DOCUMENTATION_COMMENTS = YES;
				CLANG_WARN_EMPTY_BODY = YES;
				CLANG_WARN_ENUM_CONVERSION = YES;
				CLANG_WARN_INFINITE_RECURSION = YES;
				CLANG_WARN_INT_CONVERSION = YES;
				CLANG_WARN_NON_LITERAL_NULL_CONVERSION = YES;
				CLANG_WARN_OBJC_IMPLICIT_RETAIN_SELF = YES;
				CLANG_WARN_OBJC_LITERAL_CONVERSION = YES;
				CLANG_WARN_OBJC_ROOT_CLASS = YES_ERROR;
				CLANG_WARN_QUOTED_INCLUDE_IN_FRAMEWORK_HEADER = YES;
				CLANG_WARN_RANGE_LOOP_ANALYSIS = YES;
				CLANG_WARN_STRICT_PROTOTYPES = YES;
				CLANG_WARN_SUSPICIOUS_MOVE = YES;
				CLANG_WARN_UNGUARDED_AVAILABILITY = YES_AGGRESSIVE;
				CLANG_WARN_UNREACHABLE_CODE = YES;
				CLANG_WARN__DUPLICATE_METHOD_MATCH = YES;
				COPY_PHASE_STRIP = NO;
				DEBUG_INFORMATION_FORMAT = dwarf;
				ENABLE_STRICT_OBJC_MSGSEND = YES;
				ENABLE_TESTABILITY = YES;
				GCC_C_LANGUAGE_STANDARD = gnu11;
				GCC_DYNAMIC_NO_PIC = NO;
				GCC_NO_COMMON_BLOCKS = YES;
				GCC_OPTIMIZATION_LEVEL = 0;
				GCC_PREPROCESSOR_DEFINITIONS = (
					"DEBUG=1",
					"$(inherited)",
				);
				GCC_WARN_64_TO_32_BIT_CONVERSION = YES;
				GCC_WARN_ABOUT_RETURN_TYPE = YES_ERROR;
				GCC_WARN_UNDECLARED_SELECTOR = YES;
				GCC_WARN_UNINITIALIZED_AUTOS = YES_AGGRESSIVE;
				GCC_WARN_UNUSED_FUNCTION = YES;
				GCC_WARN_UNUSED_VARIABLE = YES;
				IPHONEOS_DEPLOYMENT_TARGET = 14.1;
				MTL_ENABLE_DEBUG_INFO = INCLUDE_SOURCE;
				MTL_FAST_MATH = YES;
				ONLY_ACTIVE_ARCH = YES;
				SDKROOT = iphoneos;
				SWIFT_ACTIVE_COMPILATION_CONDITIONS = DEBUG;
				SWIFT_OPTIMIZATION_LEVEL = "-Onone";
			};
			name = Debug;
		};
		6E6870572AA726F800497707 /* Release */ = {
			isa = XCBuildConfiguration;
			buildSettings = {
				ALWAYS_SEARCH_USER_PATHS = NO;
				CLANG_ANALYZER_NONNULL = YES;
				CLANG_ANALYZER_NUMBER_OBJECT_CONVERSION = YES_AGGRESSIVE;
				CLANG_CXX_LANGUAGE_STANDARD = "gnu++20";
				CLANG_ENABLE_MODULES = YES;
				CLANG_ENABLE_OBJC_ARC = YES;
				CLANG_ENABLE_OBJC_WEAK = YES;
				CLANG_WARN_BLOCK_CAPTURE_AUTORELEASING = YES;
				CLANG_WARN_BOOL_CONVERSION = YES;
				CLANG_WARN_COMMA = YES;
				CLANG_WARN_CONSTANT_CONVERSION = YES;
				CLANG_WARN_DEPRECATED_OBJC_IMPLEMENTATIONS = YES;
				CLANG_WARN_DIRECT_OBJC_ISA_USAGE = YES_ERROR;
				CLANG_WARN_DOCUMENTATION_COMMENTS = YES;
				CLANG_WARN_EMPTY_BODY = YES;
				CLANG_WARN_ENUM_CONVERSION = YES;
				CLANG_WARN_INFINITE_RECURSION = YES;
				CLANG_WARN_INT_CONVERSION = YES;
				CLANG_WARN_NON_LITERAL_NULL_CONVERSION = YES;
				CLANG_WARN_OBJC_IMPLICIT_RETAIN_SELF = YES;
				CLANG_WARN_OBJC_LITERAL_CONVERSION = YES;
				CLANG_WARN_OBJC_ROOT_CLASS = YES_ERROR;
				CLANG_WARN_QUOTED_INCLUDE_IN_FRAMEWORK_HEADER = YES;
				CLANG_WARN_RANGE_LOOP_ANALYSIS = YES;
				CLANG_WARN_STRICT_PROTOTYPES = YES;
				CLANG_WARN_SUSPICIOUS_MOVE = YES;
				CLANG_WARN_UNGUARDED_AVAILABILITY = YES_AGGRESSIVE;
				CLANG_WARN_UNREACHABLE_CODE = YES;
				CLANG_WARN__DUPLICATE_METHOD_MATCH = YES;
				COPY_PHASE_STRIP = NO;
				DEBUG_INFORMATION_FORMAT = "dwarf-with-dsym";
				ENABLE_NS_ASSERTIONS = NO;
				ENABLE_STRICT_OBJC_MSGSEND = YES;
				GCC_C_LANGUAGE_STANDARD = gnu11;
				GCC_NO_COMMON_BLOCKS = YES;
				GCC_WARN_64_TO_32_BIT_CONVERSION = YES;
				GCC_WARN_ABOUT_RETURN_TYPE = YES_ERROR;
				GCC_WARN_UNDECLARED_SELECTOR = YES;
				GCC_WARN_UNINITIALIZED_AUTOS = YES_AGGRESSIVE;
				GCC_WARN_UNUSED_FUNCTION = YES;
				GCC_WARN_UNUSED_VARIABLE = YES;
				IPHONEOS_DEPLOYMENT_TARGET = 14.1;
				MTL_ENABLE_DEBUG_INFO = NO;
				MTL_FAST_MATH = YES;
				SDKROOT = iphoneos;
				SWIFT_COMPILATION_MODE = wholemodule;
				SWIFT_OPTIMIZATION_LEVEL = "-O";
				VALIDATE_PRODUCT = YES;
			};
			name = Release;
		};
		6E6870592AA726F800497707 /* Debug */ = {
			isa = XCBuildConfiguration;
			buildSettings = {
				ASSETCATALOG_COMPILER_APPICON_NAME = AppIcon;
				ASSETCATALOG_COMPILER_GLOBAL_ACCENT_COLOR_NAME = AccentColor;
				CODE_SIGN_STYLE = Automatic;
				CURRENT_PROJECT_VERSION = 1;
				DEVELOPMENT_TEAM = 565SHK2G4T;
				GENERATE_INFOPLIST_FILE = YES;
				INFOPLIST_FILE = Aston2DGame/Info.plist;
				INFOPLIST_KEY_UIApplicationSupportsIndirectInputEvents = YES;
				INFOPLIST_KEY_UILaunchStoryboardName = LaunchScreen;
				INFOPLIST_KEY_UISupportedInterfaceOrientations_iPad = "UIInterfaceOrientationPortrait UIInterfaceOrientationPortraitUpsideDown UIInterfaceOrientationLandscapeLeft UIInterfaceOrientationLandscapeRight";
				INFOPLIST_KEY_UISupportedInterfaceOrientations_iPhone = "UIInterfaceOrientationPortrait UIInterfaceOrientationLandscapeLeft UIInterfaceOrientationLandscapeRight";
				IPHONEOS_DEPLOYMENT_TARGET = 13.1;
				LD_RUNPATH_SEARCH_PATHS = (
					"$(inherited)",
					"@executable_path/Frameworks",
				);
				MARKETING_VERSION = 1.0;
				PRODUCT_BUNDLE_IDENTIFIER = xyz.Aston2DGame;
				PRODUCT_NAME = "$(TARGET_NAME)";
				SUPPORTED_PLATFORMS = "iphoneos iphonesimulator";
				SUPPORTS_MACCATALYST = NO;
				SUPPORTS_MAC_DESIGNED_FOR_IPHONE_IPAD = NO;
				SWIFT_EMIT_LOC_STRINGS = YES;
				SWIFT_VERSION = 5.0;
				TARGETED_DEVICE_FAMILY = "1,2";
			};
			name = Debug;
		};
		6E68705A2AA726F800497707 /* Release */ = {
			isa = XCBuildConfiguration;
			buildSettings = {
				ASSETCATALOG_COMPILER_APPICON_NAME = AppIcon;
				ASSETCATALOG_COMPILER_GLOBAL_ACCENT_COLOR_NAME = AccentColor;
				CODE_SIGN_STYLE = Automatic;
				CURRENT_PROJECT_VERSION = 1;
				DEVELOPMENT_TEAM = 565SHK2G4T;
				GENERATE_INFOPLIST_FILE = YES;
				INFOPLIST_FILE = Aston2DGame/Info.plist;
				INFOPLIST_KEY_UIApplicationSupportsIndirectInputEvents = YES;
				INFOPLIST_KEY_UILaunchStoryboardName = LaunchScreen;
				INFOPLIST_KEY_UISupportedInterfaceOrientations_iPad = "UIInterfaceOrientationPortrait UIInterfaceOrientationPortraitUpsideDown UIInterfaceOrientationLandscapeLeft UIInterfaceOrientationLandscapeRight";
				INFOPLIST_KEY_UISupportedInterfaceOrientations_iPhone = "UIInterfaceOrientationPortrait UIInterfaceOrientationLandscapeLeft UIInterfaceOrientationLandscapeRight";
				IPHONEOS_DEPLOYMENT_TARGET = 13.1;
				LD_RUNPATH_SEARCH_PATHS = (
					"$(inherited)",
					"@executable_path/Frameworks",
				);
				MARKETING_VERSION = 1.0;
				PRODUCT_BUNDLE_IDENTIFIER = xyz.Aston2DGame;
				PRODUCT_NAME = "$(TARGET_NAME)";
				SUPPORTED_PLATFORMS = "iphoneos iphonesimulator";
				SUPPORTS_MACCATALYST = NO;
				SUPPORTS_MAC_DESIGNED_FOR_IPHONE_IPAD = NO;
				SWIFT_EMIT_LOC_STRINGS = YES;
				SWIFT_VERSION = 5.0;
				TARGETED_DEVICE_FAMILY = "1,2";
			};
			name = Release;
		};
/* End XCBuildConfiguration section */

/* Begin XCConfigurationList section */
		6E68703F2AA726F400497707 /* Build configuration list for PBXProject "Aston2DGame" */ = {
			isa = XCConfigurationList;
			buildConfigurations = (
				6E6870562AA726F800497707 /* Debug */,
				6E6870572AA726F800497707 /* Release */,
			);
			defaultConfigurationIsVisible = 0;
			defaultConfigurationName = Release;
		};
		6E6870582AA726F800497707 /* Build configuration list for PBXNativeTarget "Aston2DGame" */ = {
			isa = XCConfigurationList;
			buildConfigurations = (
				6E6870592AA726F800497707 /* Debug */,
				6E68705A2AA726F800497707 /* Release */,
			);
			defaultConfigurationIsVisible = 0;
			defaultConfigurationName = Release;
		};
/* End XCConfigurationList section */
	};
	rootObject = 6E68703C2AA726F400497707 /* Project object */;
}
